
Microsoft Visual Studio Solution File, Format Version 12.00
# Visual Studio Version 16
VisualStudioVersion = 16.0.30128.74
MinimumVisualStudioVersion = 10.0.40219.1
Project("{FAE04EC0-301F-11D3-BF4B-00C04F79EFBC}") = "Tasks", "Tasks\Tasks.csproj", "{15B0CBFF-BE62-420C-878A-94FC6590A01D}"
EndProject
Project("{FAE04EC0-301F-11D3-BF4B-00C04F79EFBC}") = "Tasks.Tests", "Tasks.Tests\Tasks.Tests.csproj", "{7300E494-0DC7-4233-8732-93D685B0F485}"
EndProject
Global
	GlobalSection(SolutionConfigurationPlatforms) = preSolution
		Debug|x64 = Debug|x64
		Release|x64 = Release|x64
	EndGlobalSection
	GlobalSection(ProjectConfigurationPlatforms) = postSolution
		{15B0CBFF-BE62-420C-878A-94FC6590A01D}.Debug|x64.ActiveCfg = Debug|x64
		{15B0CBFF-BE62-420C-878A-94FC6590A01D}.Debug|x64.Build.0 = Debug|x64
		{15B0CBFF-BE62-420C-878A-94FC6590A01D}.Release|x64.ActiveCfg = Release|x64
		{15B0CBFF-BE62-420C-878A-94FC6590A01D}.Release|x64.Build.0 = Release|x64
		{7300E494-0DC7-4233-8732-93D685B0F485}.Debug|x64.ActiveCfg = Debug|x64
		{7300E494-0DC7-4233-8732-93D685B0F485}.Debug|x64.Build.0 = Debug|x64
		{7300E494-0DC7-4233-8732-93D685B0F485}.Release|x64.ActiveCfg = Release|x64
		{7300E494-0DC7-4233-8732-93D685B0F485}.Release|x64.Build.0 = Release|x64
	EndGlobalSection
	GlobalSection(SolutionProperties) = preSolution
		HideSolutionNode = FALSE
	EndGlobalSection
	GlobalSection(ExtensibilityGlobals) = postSolution
		SolutionGuid = {E7DD7DB2-3EAD-49DB-9626-0074036608B6}
	EndGlobalSection
EndGlobal
